
Microsoft Visual Studio Solution File, Format Version 12.00
Project("{FAE04EC0-301F-11D3-BF4B-00C04F79EFBC}") = "RADVisParser", "RADVisParser\RADVisParser.csproj", "{9926A8C0-7443-498F-9A54-813202938660}"
EndProject
Global
	GlobalSection(SolutionConfigurationPlatforms) = preSolution
		Debug|Any CPU = Debug|Any CPU
		Release|Any CPU = Release|Any CPU
	EndGlobalSection
	GlobalSection(ProjectConfigurationPlatforms) = postSolution
		{9926A8C0-7443-498F-9A54-813202938660}.Debug|Any CPU.ActiveCfg = Debug|Any CPU
		{9926A8C0-7443-498F-9A54-813202938660}.Debug|Any CPU.Build.0 = Debug|Any CPU
		{9926A8C0-7443-498F-9A54-813202938660}.Release|Any CPU.ActiveCfg = Release|Any CPU
		{9926A8C0-7443-498F-9A54-813202938660}.Release|Any CPU.Build.0 = Release|Any CPU
	EndGlobalSection
EndGlobal
